<?xml version="1.0" encoding="utf-8"?>
<Project ToolsVersion="4.0" xmlns="http://schemas.microsoft.com/developer/msbuild/2003">
  <ItemGroup>
    <Filter Include="소스 파일">
      <UniqueIdentifier>{4FC737F1-C7A5-4376-A066-2A32D752A2FF}</UniqueIdentifier>
      <Extensions>cpp;c;cc;cxx;c++;cppm;ixx;def;odl;idl;hpj;bat;asm;asmx</Extensions>
    </Filter>
    <Filter Include="헤더 파일">
      <UniqueIdentifier>{93995380-89BD-4b04-88EB-625FBE52EBFB}</UniqueIdentifier>
      <Extensions>h;hh;hpp;hxx;h++;hm;inl;inc;ipp;xsd</Extensions>
    </Filter>
    <Filter Include="리소스 파일">
      <UniqueIdentifier>{67DA6AB6-F800-4c08-8B7A-83BB121AAD01}</UniqueIdentifier>
      <Extensions>rc;ico;cur;bmp;dlg;rc2;rct;bin;rgs;gif;jpg;jpeg;jpe;resx;tiff;tif;png;wav;mfcribbon-ms</Extensions>
    </Filter>
  </ItemGroup>
  <ItemGroup>
    <ClCompile Include="28.11교통카드 잔액 출력하기.c">
      <Filter>소스 파일</Filter>
    </ClCompile>
    <ClCompile Include="29.10숫자의 합 구하기.c">
      <Filter>소스 파일</Filter>
    </ClCompile>
    <ClCompile Include="30.7두 수 사이의 숫자 중 7로 끝나지 않는 숫자 출력하기.c">
      <Filter>소스 파일</Filter>
    </ClCompile>
    <ClCompile Include="31.7역삼각형 모양으로 별 출력하기.c">
      <Filter>소스 파일</Filter>
    </ClCompile>
    <ClCompile Include="33.72와 7의 배수,공배수 처리하기.c">
      <Filter>소스 파일</Filter>
    </ClCompile>
    <ClCompile Include="34.10포인터와 주소 연산자 사용하기.c">
      <Filter>소스 파일</Filter>
    </ClCompile>
    <ClCompile Include="35.2메모리에 값 할당하기.c">
      <Filter>소스 파일</Filter>
    </ClCompile>
    <ClCompile Include="35.6두 정수의 합 구하기.c">
      <Filter>소스 파일</Filter>
    </ClCompile>
    <ClCompile Include="36.13가장 작은 수 출력하기.c">
      <Filter>소스 파일</Filter>
    </ClCompile>
    <ClCompile Include="37.9전치행렬 구하기.c">
      <Filter>소스 파일</Filter>
    </ClCompile>
    <ClCompile Include="38.7단위 행렬 만들기.c">
      <Filter>소스 파일</Filter>
    </ClCompile>
    <ClCompile Include="38.8지뢰찾기.c">
      <Filter>소스 파일</Filter>
    </ClCompile>
  </ItemGroup>
</Project>